// !$*UTF8*$!
{
	archiveVersion = 1;
	classes = {
	};
	objectVersion = 52;
	objects = {

/* Begin PBXBuildFile section */
		040CDDF02659EE3100E7E090 /* IndicatorView.swift in Sources */ = {isa = PBXBuildFile; fileRef = 040CDDEE2659EE3100E7E090 /* IndicatorView.swift */; };
		040CDDF12659EE3100E7E090 /* Device.swift in Sources */ = {isa = PBXBuildFile; fileRef = 040CDDEF2659EE3100E7E090 /* Device.swift */; };
		040CDDF32659EE7800E7E090 /* BaseViewController.swift in Sources */ = {isa = PBXBuildFile; fileRef = 040CDDF22659EE7800E7E090 /* BaseViewController.swift */; };
		040CDDFD2659FAD800E7E090 /* Tab1.storyboard in Resources */ = {isa = PBXBuildFile; fileRef = 040CDDFC2659FAD800E7E090 /* Tab1.storyboard */; };
		040CDDFF2659FB9F00E7E090 /* Tab1VC.swift in Sources */ = {isa = PBXBuildFile; fileRef = 040CDDFE2659FB9F00E7E090 /* Tab1VC.swift */; };
		040CDE0D265A176200E7E090 /* Tab4.storyboard in Resources */ = {isa = PBXBuildFile; fileRef = 040CDE0C265A176200E7E090 /* Tab4.storyboard */; };
		040CDE0F265A176B00E7E090 /* Tab4VC.swift in Sources */ = {isa = PBXBuildFile; fileRef = 040CDE0E265A176B00E7E090 /* Tab4VC.swift */; };
		040CDE11265A177500E7E090 /* Tab5.storyboard in Resources */ = {isa = PBXBuildFile; fileRef = 040CDE10265A177500E7E090 /* Tab5.storyboard */; };
		040CDE13265A177E00E7E090 /* Tab5VC.swift in Sources */ = {isa = PBXBuildFile; fileRef = 040CDE12265A177E00E7E090 /* Tab5VC.swift */; };
		040CDE17265A1CE000E7E090 /* Login.storyboard in Resources */ = {isa = PBXBuildFile; fileRef = 040CDE16265A1CE000E7E090 /* Login.storyboard */; };
		040CDE19265A1CED00E7E090 /* LoginVC.swift in Sources */ = {isa = PBXBuildFile; fileRef = 040CDE18265A1CED00E7E090 /* LoginVC.swift */; };
		040CDE1C265A1D0300E7E090 /* Search.storyboard in Resources */ = {isa = PBXBuildFile; fileRef = 040CDE1B265A1D0300E7E090 /* Search.storyboard */; };
		040CDE1E265A1D0D00E7E090 /* SearchVC.swift in Sources */ = {isa = PBXBuildFile; fileRef = 040CDE1D265A1D0D00E7E090 /* SearchVC.swift */; };
		0418FB18265A279000F368CB /* Tab2.storyboard in Resources */ = {isa = PBXBuildFile; fileRef = 0418FB17265A279000F368CB /* Tab2.storyboard */; };
		0418FB1A265A279A00F368CB /* Tab2VC.swift in Sources */ = {isa = PBXBuildFile; fileRef = 0418FB19265A279A00F368CB /* Tab2VC.swift */; };
		0418FB1D265A283A00F368CB /* Tab3.storyboard in Resources */ = {isa = PBXBuildFile; fileRef = 0418FB1C265A283A00F368CB /* Tab3.storyboard */; };
		0418FB1F265A284200F368CB /* Tab3VC.swift in Sources */ = {isa = PBXBuildFile; fileRef = 0418FB1E265A284200F368CB /* Tab3VC.swift */; };
		044ACE7B265E501800C6277C /* Regex.swift in Sources */ = {isa = PBXBuildFile; fileRef = 044ACE7A265E501800C6277C /* Regex.swift */; };
		044ACE7D265E66DF00C6277C /* RegistrationViewController.swift in Sources */ = {isa = PBXBuildFile; fileRef = 044ACE7C265E66DF00C6277C /* RegistrationViewController.swift */; };
		045F555A2661FE6C00C15703 /* RegistrationAgreementVC.swift in Sources */ = {isa = PBXBuildFile; fileRef = 045F55592661FE6C00C15703 /* RegistrationAgreementVC.swift */; };
		0471CE6B265B18EF00546B15 /* CountryViewController.swift in Sources */ = {isa = PBXBuildFile; fileRef = 0471CE6A265B18EF00546B15 /* CountryViewController.swift */; };
		0471CE71265BF49000546B15 /* CALayer.swift in Sources */ = {isa = PBXBuildFile; fileRef = 0471CE70265BF49000546B15 /* CALayer.swift */; };
		0471CE73265CE0E900546B15 /* UserInform.swift in Sources */ = {isa = PBXBuildFile; fileRef = 0471CE72265CE0E900546B15 /* UserInform.swift */; };
		047C3C27266899EB00498755 /* ChooseTypeVC.swift in Sources */ = {isa = PBXBuildFile; fileRef = 047C3C26266899EB00498755 /* ChooseTypeVC.swift */; };
		047C3C2926689A2E00498755 /* ChooseDateVC.swift in Sources */ = {isa = PBXBuildFile; fileRef = 047C3C2826689A2E00498755 /* ChooseDateVC.swift */; };
		047C3C2B26689A6600498755 /* ChooseGuestVC.swift in Sources */ = {isa = PBXBuildFile; fileRef = 047C3C2A26689A6600498755 /* ChooseGuestVC.swift */; };
		047C3C312668F0D400498755 /* SearchInform.swift in Sources */ = {isa = PBXBuildFile; fileRef = 047C3C302668F0D400498755 /* SearchInform.swift */; };
		047C3C39266A582000498755 /* SearchResponse.swift in Sources */ = {isa = PBXBuildFile; fileRef = 047C3C38266A582000498755 /* SearchResponse.swift */; };
		047C3C3B266A622200498755 /* SearchDataManager.swift in Sources */ = {isa = PBXBuildFile; fileRef = 047C3C3A266A622200498755 /* SearchDataManager.swift */; };
		047C3C3D266B3F6C00498755 /* Flag.swift in Sources */ = {isa = PBXBuildFile; fileRef = 047C3C3C266B3F6C00498755 /* Flag.swift */; };
		047C3C42266BB71F00498755 /* Map.storyboard in Resources */ = {isa = PBXBuildFile; fileRef = 047C3C41266BB71F00498755 /* Map.storyboard */; };
		047C3C44266BB73600498755 /* MapViewController.swift in Sources */ = {isa = PBXBuildFile; fileRef = 047C3C43266BB73600498755 /* MapViewController.swift */; };
		048E4065266E446200CA4B3D /* TableViewInMapViewController.swift in Sources */ = {isa = PBXBuildFile; fileRef = 048E4064266E446200CA4B3D /* TableViewInMapViewController.swift */; };
		04938E5F265939E200DA11FF /* AppDelegate.swift in Sources */ = {isa = PBXBuildFile; fileRef = 04938E5E265939E200DA11FF /* AppDelegate.swift */; };
		04938E61265939E200DA11FF /* SceneDelegate.swift in Sources */ = {isa = PBXBuildFile; fileRef = 04938E60265939E200DA11FF /* SceneDelegate.swift */; };
		04938E63265939E200DA11FF /* ViewController.swift in Sources */ = {isa = PBXBuildFile; fileRef = 04938E62265939E200DA11FF /* ViewController.swift */; };
		04938E66265939E200DA11FF /* Main.storyboard in Resources */ = {isa = PBXBuildFile; fileRef = 04938E64265939E200DA11FF /* Main.storyboard */; };
		04938E68265939E500DA11FF /* Assets.xcassets in Resources */ = {isa = PBXBuildFile; fileRef = 04938E67265939E500DA11FF /* Assets.xcassets */; };
		04938E6B265939E500DA11FF /* LaunchScreen.storyboard in Resources */ = {isa = PBXBuildFile; fileRef = 04938E69265939E500DA11FF /* LaunchScreen.storyboard */; };
		04938E7C26593AA000DA11FF /* Constant.swift in Sources */ = {isa = PBXBuildFile; fileRef = 04938E7B26593AA000DA11FF /* Constant.swift */; };
		04938E8D265946F700DA11FF /* SnapKit in Frameworks */ = {isa = PBXBuildFile; productRef = 04938E8C265946F700DA11FF /* SnapKit */; };
		04938E90265947B200DA11FF /* Alamofire in Frameworks */ = {isa = PBXBuildFile; productRef = 04938E8F265947B200DA11FF /* Alamofire */; };
		04938E93265947E700DA11FF /* Kingfisher in Frameworks */ = {isa = PBXBuildFile; productRef = 04938E92265947E700DA11FF /* Kingfisher */; };
		04938E9B2659EB9C00DA11FF /* String.swift in Sources */ = {isa = PBXBuildFile; fileRef = 04938E942659EB9C00DA11FF /* String.swift */; };
		04938E9C2659EB9C00DA11FF /* UIFont.swift in Sources */ = {isa = PBXBuildFile; fileRef = 04938E952659EB9C00DA11FF /* UIFont.swift */; };
		04938E9D2659EB9C00DA11FF /* UIButton.swift in Sources */ = {isa = PBXBuildFile; fileRef = 04938E962659EB9C00DA11FF /* UIButton.swift */; };
		04938E9E2659EB9C00DA11FF /* Date.swift in Sources */ = {isa = PBXBuildFile; fileRef = 04938E972659EB9C00DA11FF /* Date.swift */; };
		04938E9F2659EB9C00DA11FF /* UIViewController.swift in Sources */ = {isa = PBXBuildFile; fileRef = 04938E982659EB9C00DA11FF /* UIViewController.swift */; };
		04938EA02659EB9C00DA11FF /* UINavigationBar.swift in Sources */ = {isa = PBXBuildFile; fileRef = 04938E992659EB9C00DA11FF /* UINavigationBar.swift */; };
		04938EA12659EB9C00DA11FF /* Color.swift in Sources */ = {isa = PBXBuildFile; fileRef = 04938E9A2659EB9C00DA11FF /* Color.swift */; };
		04ACCBD82663D000006642B6 /* PersonalInformViewController.swift in Sources */ = {isa = PBXBuildFile; fileRef = 04ACCBD72663D000006642B6 /* PersonalInformViewController.swift */; };
		04ACCBDA2663D00D006642B6 /* PaymentViewController.swift in Sources */ = {isa = PBXBuildFile; fileRef = 04ACCBD92663D00D006642B6 /* PaymentViewController.swift */; };
		04ACCBDC2663D023006642B6 /* NotiViewController.swift in Sources */ = {isa = PBXBuildFile; fileRef = 04ACCBDB2663D023006642B6 /* NotiViewController.swift */; };
		04ACCBE126662BB8006642B6 /* LoginResponse.swift in Sources */ = {isa = PBXBuildFile; fileRef = 04ACCBE026662BB8006642B6 /* LoginResponse.swift */; };
		04ACCBE4266638F9006642B6 /* LoginDataManager.swift in Sources */ = {isa = PBXBuildFile; fileRef = 04ACCBE3266638F9006642B6 /* LoginDataManager.swift */; };
		04ACCBE6266647A5006642B6 /* PasswordViewController.swift in Sources */ = {isa = PBXBuildFile; fileRef = 04ACCBE5266647A5006642B6 /* PasswordViewController.swift */; };
		04ACCBE82667D470006642B6 /* Section1VC.swift in Sources */ = {isa = PBXBuildFile; fileRef = 04ACCBE72667D470006642B6 /* Section1VC.swift */; };
		04ACCBEA2667D482006642B6 /* Section2VC.swift in Sources */ = {isa = PBXBuildFile; fileRef = 04ACCBE92667D482006642B6 /* Section2VC.swift */; };
		04ACCBEC2667D492006642B6 /* Section3VC.swift in Sources */ = {isa = PBXBuildFile; fileRef = 04ACCBEB2667D492006642B6 /* Section3VC.swift */; };
		04ACCBEE2667D4A5006642B6 /* Section4VC.swift in Sources */ = {isa = PBXBuildFile; fileRef = 04ACCBED2667D4A5006642B6 /* Section4VC.swift */; };
		04B56B22266FD2A60055DC4B /* MapResponses.swift in Sources */ = {isa = PBXBuildFile; fileRef = 04B56B21266FD2A60055DC4B /* MapResponses.swift */; };
		04B5EEE72694A839003E39B7 /* Enum.swift in Sources */ = {isa = PBXBuildFile; fileRef = 04B5EEE62694A839003E39B7 /* Enum.swift */; };
		04BB2C81265E090C00EF56B6 /* Keyboard.swift in Sources */ = {isa = PBXBuildFile; fileRef = 04BB2C80265E090C00EF56B6 /* Keyboard.swift */; };
		04D45D0D2660849C00F80A07 /* UIScrollView.swift in Sources */ = {isa = PBXBuildFile; fileRef = 04D45D0C2660849C00F80A07 /* UIScrollView.swift */; };
		04F580CB267B3DB4001604B6 /* FloatingPanel in Frameworks */ = {isa = PBXBuildFile; productRef = 04F580CA267B3DB4001604B6 /* FloatingPanel */; };
		04F580CD267B4721001604B6 /* TestViewController.swift in Sources */ = {isa = PBXBuildFile; fileRef = 04F580CC267B4721001604B6 /* TestViewController.swift */; };
		ECD254E4ECC7DF7B5509BD31 /* Pods_airbnb.framework in Frameworks */ = {isa = PBXBuildFile; fileRef = B43A250BA34B08E3C8CFEF9E /* Pods_airbnb.framework */; };
/* End PBXBuildFile section */

/* Begin PBXFileReference section */
		040CDDEE2659EE3100E7E090 /* IndicatorView.swift */ = {isa = PBXFileReference; fileEncoding = 4; lastKnownFileType = sourcecode.swift; name = IndicatorView.swift; path = "../../../../../../Desktop/SoftSquared template/EduTemplate/Configuration/CommonClass/IndicatorView.swift"; sourceTree = "<group>"; };
		040CDDEF2659EE3100E7E090 /* Device.swift */ = {isa = PBXFileReference; fileEncoding = 4; lastKnownFileType = sourcecode.swift; name = Device.swift; path = "../../../../../../Desktop/SoftSquared template/EduTemplate/Configuration/CommonClass/Device.swift"; sourceTree = "<group>"; };
		040CDDF22659EE7800E7E090 /* BaseViewController.swift */ = {isa = PBXFileReference; fileEncoding = 4; lastKnownFileType = sourcecode.swift; name = BaseViewController.swift; path = "../../../../../../Desktop/SoftSquared template/EduTemplate/Configuration/Base/BaseViewController.swift"; sourceTree = "<group>"; };
		040CDDFC2659FAD800E7E090 /* Tab1.storyboard */ = {isa = PBXFileReference; lastKnownFileType = file.storyboard; path = Tab1.storyboard; sourceTree = "<group>"; };
		040CDDFE2659FB9F00E7E090 /* Tab1VC.swift */ = {isa = PBXFileReference; lastKnownFileType = sourcecode.swift; path = Tab1VC.swift; sourceTree = "<group>"; };
		040CDE0C265A176200E7E090 /* Tab4.storyboard */ = {isa = PBXFileReference; lastKnownFileType = file.storyboard; path = Tab4.storyboard; sourceTree = "<group>"; };
		040CDE0E265A176B00E7E090 /* Tab4VC.swift */ = {isa = PBXFileReference; lastKnownFileType = sourcecode.swift; path = Tab4VC.swift; sourceTree = "<group>"; };
		040CDE10265A177500E7E090 /* Tab5.storyboard */ = {isa = PBXFileReference; lastKnownFileType = file.storyboard; path = Tab5.storyboard; sourceTree = "<group>"; };
		040CDE12265A177E00E7E090 /* Tab5VC.swift */ = {isa = PBXFileReference; lastKnownFileType = sourcecode.swift; path = Tab5VC.swift; sourceTree = "<group>"; };
		040CDE16265A1CE000E7E090 /* Login.storyboard */ = {isa = PBXFileReference; lastKnownFileType = file.storyboard; path = Login.storyboard; sourceTree = "<group>"; };
		040CDE18265A1CED00E7E090 /* LoginVC.swift */ = {isa = PBXFileReference; lastKnownFileType = sourcecode.swift; path = LoginVC.swift; sourceTree = "<group>"; };
		040CDE1B265A1D0300E7E090 /* Search.storyboard */ = {isa = PBXFileReference; lastKnownFileType = file.storyboard; path = Search.storyboard; sourceTree = "<group>"; };
		040CDE1D265A1D0D00E7E090 /* SearchVC.swift */ = {isa = PBXFileReference; lastKnownFileType = sourcecode.swift; path = SearchVC.swift; sourceTree = "<group>"; };
		0418FB17265A279000F368CB /* Tab2.storyboard */ = {isa = PBXFileReference; lastKnownFileType = file.storyboard; path = Tab2.storyboard; sourceTree = "<group>"; };
		0418FB19265A279A00F368CB /* Tab2VC.swift */ = {isa = PBXFileReference; lastKnownFileType = sourcecode.swift; path = Tab2VC.swift; sourceTree = "<group>"; };
		0418FB1C265A283A00F368CB /* Tab3.storyboard */ = {isa = PBXFileReference; lastKnownFileType = file.storyboard; path = Tab3.storyboard; sourceTree = "<group>"; };
		0418FB1E265A284200F368CB /* Tab3VC.swift */ = {isa = PBXFileReference; lastKnownFileType = sourcecode.swift; path = Tab3VC.swift; sourceTree = "<group>"; };
		044ACE7A265E501800C6277C /* Regex.swift */ = {isa = PBXFileReference; lastKnownFileType = sourcecode.swift; path = Regex.swift; sourceTree = "<group>"; };
		044ACE7C265E66DF00C6277C /* RegistrationViewController.swift */ = {isa = PBXFileReference; lastKnownFileType = sourcecode.swift; path = RegistrationViewController.swift; sourceTree = "<group>"; };
		045F55592661FE6C00C15703 /* RegistrationAgreementVC.swift */ = {isa = PBXFileReference; lastKnownFileType = sourcecode.swift; path = RegistrationAgreementVC.swift; sourceTree = "<group>"; };
		0471CE6A265B18EF00546B15 /* CountryViewController.swift */ = {isa = PBXFileReference; lastKnownFileType = sourcecode.swift; path = CountryViewController.swift; sourceTree = "<group>"; };
		0471CE70265BF49000546B15 /* CALayer.swift */ = {isa = PBXFileReference; lastKnownFileType = sourcecode.swift; path = CALayer.swift; sourceTree = "<group>"; };
		0471CE72265CE0E900546B15 /* UserInform.swift */ = {isa = PBXFileReference; lastKnownFileType = sourcecode.swift; path = UserInform.swift; sourceTree = "<group>"; };
		047C3C26266899EB00498755 /* ChooseTypeVC.swift */ = {isa = PBXFileReference; lastKnownFileType = sourcecode.swift; path = ChooseTypeVC.swift; sourceTree = "<group>"; };
		047C3C2826689A2E00498755 /* ChooseDateVC.swift */ = {isa = PBXFileReference; lastKnownFileType = sourcecode.swift; path = ChooseDateVC.swift; sourceTree = "<group>"; };
		047C3C2A26689A6600498755 /* ChooseGuestVC.swift */ = {isa = PBXFileReference; lastKnownFileType = sourcecode.swift; path = ChooseGuestVC.swift; sourceTree = "<group>"; };
		047C3C302668F0D400498755 /* SearchInform.swift */ = {isa = PBXFileReference; lastKnownFileType = sourcecode.swift; path = SearchInform.swift; sourceTree = "<group>"; };
		047C3C38266A582000498755 /* SearchResponse.swift */ = {isa = PBXFileReference; lastKnownFileType = sourcecode.swift; path = SearchResponse.swift; sourceTree = "<group>"; };
		047C3C3A266A622200498755 /* SearchDataManager.swift */ = {isa = PBXFileReference; lastKnownFileType = sourcecode.swift; path = SearchDataManager.swift; sourceTree = "<group>"; };
		047C3C3C266B3F6C00498755 /* Flag.swift */ = {isa = PBXFileReference; lastKnownFileType = sourcecode.swift; path = Flag.swift; sourceTree = "<group>"; };
		047C3C41266BB71F00498755 /* Map.storyboard */ = {isa = PBXFileReference; lastKnownFileType = file.storyboard; path = Map.storyboard; sourceTree = "<group>"; };
		047C3C43266BB73600498755 /* MapViewController.swift */ = {isa = PBXFileReference; lastKnownFileType = sourcecode.swift; path = MapViewController.swift; sourceTree = "<group>"; };
		048E4064266E446200CA4B3D /* TableViewInMapViewController.swift */ = {isa = PBXFileReference; lastKnownFileType = sourcecode.swift; path = TableViewInMapViewController.swift; sourceTree = "<group>"; };
		04938E5B265939E200DA11FF /* airbnb.app */ = {isa = PBXFileReference; explicitFileType = wrapper.application; includeInIndex = 0; path = airbnb.app; sourceTree = BUILT_PRODUCTS_DIR; };
		04938E5E265939E200DA11FF /* AppDelegate.swift */ = {isa = PBXFileReference; lastKnownFileType = sourcecode.swift; path = AppDelegate.swift; sourceTree = "<group>"; };
		04938E60265939E200DA11FF /* SceneDelegate.swift */ = {isa = PBXFileReference; lastKnownFileType = sourcecode.swift; path = SceneDelegate.swift; sourceTree = "<group>"; };
		04938E62265939E200DA11FF /* ViewController.swift */ = {isa = PBXFileReference; lastKnownFileType = sourcecode.swift; path = ViewController.swift; sourceTree = "<group>"; };
		04938E65265939E200DA11FF /* Base */ = {isa = PBXFileReference; lastKnownFileType = file.storyboard; name = Base; path = Base.lproj/Main.storyboard; sourceTree = "<group>"; };
		04938E67265939E500DA11FF /* Assets.xcassets */ = {isa = PBXFileReference; lastKnownFileType = folder.assetcatalog; path = Assets.xcassets; sourceTree = "<group>"; };
		04938E6A265939E500DA11FF /* Base */ = {isa = PBXFileReference; lastKnownFileType = file.storyboard; name = Base; path = Base.lproj/LaunchScreen.storyboard; sourceTree = "<group>"; };
		04938E6C265939E500DA11FF /* Info.plist */ = {isa = PBXFileReference; lastKnownFileType = text.plist.xml; path = Info.plist; sourceTree = "<group>"; };
		04938E7B26593AA000DA11FF /* Constant.swift */ = {isa = PBXFileReference; lastKnownFileType = sourcecode.swift; path = Constant.swift; sourceTree = "<group>"; };
		04938E942659EB9C00DA11FF /* String.swift */ = {isa = PBXFileReference; fileEncoding = 4; lastKnownFileType = sourcecode.swift; path = String.swift; sourceTree = "<group>"; };
		04938E952659EB9C00DA11FF /* UIFont.swift */ = {isa = PBXFileReference; fileEncoding = 4; lastKnownFileType = sourcecode.swift; path = UIFont.swift; sourceTree = "<group>"; };
		04938E962659EB9C00DA11FF /* UIButton.swift */ = {isa = PBXFileReference; fileEncoding = 4; lastKnownFileType = sourcecode.swift; path = UIButton.swift; sourceTree = "<group>"; };
		04938E972659EB9C00DA11FF /* Date.swift */ = {isa = PBXFileReference; fileEncoding = 4; lastKnownFileType = sourcecode.swift; path = Date.swift; sourceTree = "<group>"; };
		04938E982659EB9C00DA11FF /* UIViewController.swift */ = {isa = PBXFileReference; fileEncoding = 4; lastKnownFileType = sourcecode.swift; path = UIViewController.swift; sourceTree = "<group>"; };
		04938E992659EB9C00DA11FF /* UINavigationBar.swift */ = {isa = PBXFileReference; fileEncoding = 4; lastKnownFileType = sourcecode.swift; path = UINavigationBar.swift; sourceTree = "<group>"; };
		04938E9A2659EB9C00DA11FF /* Color.swift */ = {isa = PBXFileReference; fileEncoding = 4; lastKnownFileType = sourcecode.swift; path = Color.swift; sourceTree = "<group>"; };
		04ACCBD72663D000006642B6 /* PersonalInformViewController.swift */ = {isa = PBXFileReference; lastKnownFileType = sourcecode.swift; path = PersonalInformViewController.swift; sourceTree = "<group>"; };
		04ACCBD92663D00D006642B6 /* PaymentViewController.swift */ = {isa = PBXFileReference; lastKnownFileType = sourcecode.swift; path = PaymentViewController.swift; sourceTree = "<group>"; };
		04ACCBDB2663D023006642B6 /* NotiViewController.swift */ = {isa = PBXFileReference; lastKnownFileType = sourcecode.swift; path = NotiViewController.swift; sourceTree = "<group>"; };
		04ACCBE026662BB8006642B6 /* LoginResponse.swift */ = {isa = PBXFileReference; lastKnownFileType = sourcecode.swift; path = LoginResponse.swift; sourceTree = "<group>"; };
		04ACCBE3266638F9006642B6 /* LoginDataManager.swift */ = {isa = PBXFileReference; lastKnownFileType = sourcecode.swift; path = LoginDataManager.swift; sourceTree = "<group>"; };
		04ACCBE5266647A5006642B6 /* PasswordViewController.swift */ = {isa = PBXFileReference; lastKnownFileType = sourcecode.swift; path = PasswordViewController.swift; sourceTree = "<group>"; };
		04ACCBE72667D470006642B6 /* Section1VC.swift */ = {isa = PBXFileReference; lastKnownFileType = sourcecode.swift; path = Section1VC.swift; sourceTree = "<group>"; };
		04ACCBE92667D482006642B6 /* Section2VC.swift */ = {isa = PBXFileReference; lastKnownFileType = sourcecode.swift; path = Section2VC.swift; sourceTree = "<group>"; };
		04ACCBEB2667D492006642B6 /* Section3VC.swift */ = {isa = PBXFileReference; lastKnownFileType = sourcecode.swift; path = Section3VC.swift; sourceTree = "<group>"; };
		04ACCBED2667D4A5006642B6 /* Section4VC.swift */ = {isa = PBXFileReference; lastKnownFileType = sourcecode.swift; path = Section4VC.swift; sourceTree = "<group>"; };
		04B56B21266FD2A60055DC4B /* MapResponses.swift */ = {isa = PBXFileReference; lastKnownFileType = sourcecode.swift; path = MapResponses.swift; sourceTree = "<group>"; };
		04B5EEE62694A839003E39B7 /* Enum.swift */ = {isa = PBXFileReference; lastKnownFileType = sourcecode.swift; path = Enum.swift; sourceTree = "<group>"; };
		04BB2C80265E090C00EF56B6 /* Keyboard.swift */ = {isa = PBXFileReference; lastKnownFileType = sourcecode.swift; path = Keyboard.swift; sourceTree = "<group>"; };
		04D45D0C2660849C00F80A07 /* UIScrollView.swift */ = {isa = PBXFileReference; lastKnownFileType = sourcecode.swift; path = UIScrollView.swift; sourceTree = "<group>"; };
		04F580CC267B4721001604B6 /* TestViewController.swift */ = {isa = PBXFileReference; lastKnownFileType = sourcecode.swift; path = TestViewController.swift; sourceTree = "<group>"; };
		2D85B3EB4218A0AE683B21E8 /* Pods-airbnb.debug.xcconfig */ = {isa = PBXFileReference; includeInIndex = 1; lastKnownFileType = text.xcconfig; name = "Pods-airbnb.debug.xcconfig"; path = "Target Support Files/Pods-airbnb/Pods-airbnb.debug.xcconfig"; sourceTree = "<group>"; };
		4D9CB5C1513C45864EF64961 /* Pods-airbnb.release.xcconfig */ = {isa = PBXFileReference; includeInIndex = 1; lastKnownFileType = text.xcconfig; name = "Pods-airbnb.release.xcconfig"; path = "Target Support Files/Pods-airbnb/Pods-airbnb.release.xcconfig"; sourceTree = "<group>"; };
		B43A250BA34B08E3C8CFEF9E /* Pods_airbnb.framework */ = {isa = PBXFileReference; explicitFileType = wrapper.framework; includeInIndex = 0; path = Pods_airbnb.framework; sourceTree = BUILT_PRODUCTS_DIR; };
/* End PBXFileReference section */

/* Begin PBXFrameworksBuildPhase section */
		04938E58265939E200DA11FF /* Frameworks */ = {
			isa = PBXFrameworksBuildPhase;
			buildActionMask = 2147483647;
			files = (
				04938E93265947E700DA11FF /* Kingfisher in Frameworks */,
				04F580CB267B3DB4001604B6 /* FloatingPanel in Frameworks */,
				04938E8D265946F700DA11FF /* SnapKit in Frameworks */,
				04938E90265947B200DA11FF /* Alamofire in Frameworks */,
				ECD254E4ECC7DF7B5509BD31 /* Pods_airbnb.framework in Frameworks */,
			);
			runOnlyForDeploymentPostprocessing = 0;
		};
/* End PBXFrameworksBuildPhase section */

/* Begin PBXGroup section */
		040CDDF42659F27600E7E090 /* Sources */ = {
			isa = PBXGroup;
			children = (
				04938E64265939E200DA11FF /* Main.storyboard */,
				04938E62265939E200DA11FF /* ViewController.swift */,
				047C3C3E266BB6F300498755 /* Map */,
				040CDE14265A1C3B00E7E090 /* Login */,
				040CDE15265A1C7300E7E090 /* Search */,
				04938E7826593A4C00DA11FF /* Tab1 */,
				0418FB16265A278200F368CB /* Tab2 */,
				0418FB1B265A282D00F368CB /* Tab3 */,
				040CDE0A265A174E00E7E090 /* Tab4 */,
				040CDE0B265A175500E7E090 /* Tab5 */,
			);
			path = Sources;
			sourceTree = "<group>";
		};
		040CDE0A265A174E00E7E090 /* Tab4 */ = {
			isa = PBXGroup;
			children = (
				040CDE0C265A176200E7E090 /* Tab4.storyboard */,
				040CDE0E265A176B00E7E090 /* Tab4VC.swift */,
			);
			path = Tab4;
			sourceTree = "<group>";
		};
		040CDE0B265A175500E7E090 /* Tab5 */ = {
			isa = PBXGroup;
			children = (
				040CDE10265A177500E7E090 /* Tab5.storyboard */,
				040CDE12265A177E00E7E090 /* Tab5VC.swift */,
				04ACCBD72663D000006642B6 /* PersonalInformViewController.swift */,
				04ACCBD92663D00D006642B6 /* PaymentViewController.swift */,
				04ACCBDB2663D023006642B6 /* NotiViewController.swift */,
			);
			path = Tab5;
			sourceTree = "<group>";
		};
		040CDE14265A1C3B00E7E090 /* Login */ = {
			isa = PBXGroup;
			children = (
				04ACCBE2266638CA006642B6 /* DataManager */,
				04ACCBDF26662B4F006642B6 /* Entity */,
				040CDE16265A1CE000E7E090 /* Login.storyboard */,
				040CDE18265A1CED00E7E090 /* LoginVC.swift */,
				04ACCBE5266647A5006642B6 /* PasswordViewController.swift */,
				0471CE6A265B18EF00546B15 /* CountryViewController.swift */,
				044ACE7C265E66DF00C6277C /* RegistrationViewController.swift */,
				045F55592661FE6C00C15703 /* RegistrationAgreementVC.swift */,
			);
			path = Login;
			sourceTree = "<group>";
		};
		040CDE15265A1C7300E7E090 /* Search */ = {
			isa = PBXGroup;
			children = (
				047C3C37266A57EC00498755 /* DataManager */,
				047C3C36266A57E500498755 /* Entity */,
				040CDE1B265A1D0300E7E090 /* Search.storyboard */,
				047C3C26266899EB00498755 /* ChooseTypeVC.swift */,
				047C3C2826689A2E00498755 /* ChooseDateVC.swift */,
				047C3C2A26689A6600498755 /* ChooseGuestVC.swift */,
				040CDE1D265A1D0D00E7E090 /* SearchVC.swift */,
			);
			path = Search;
			sourceTree = "<group>";
		};
		0418FB16265A278200F368CB /* Tab2 */ = {
			isa = PBXGroup;
			children = (
				0418FB17265A279000F368CB /* Tab2.storyboard */,
				0418FB19265A279A00F368CB /* Tab2VC.swift */,
			);
			path = Tab2;
			sourceTree = "<group>";
		};
		0418FB1B265A282D00F368CB /* Tab3 */ = {
			isa = PBXGroup;
			children = (
				0418FB1C265A283A00F368CB /* Tab3.storyboard */,
				0418FB1E265A284200F368CB /* Tab3VC.swift */,
			);
			path = Tab3;
			sourceTree = "<group>";
		};
		047C3C36266A57E500498755 /* Entity */ = {
			isa = PBXGroup;
			children = (
				047C3C38266A582000498755 /* SearchResponse.swift */,
			);
			path = Entity;
			sourceTree = "<group>";
		};
		047C3C37266A57EC00498755 /* DataManager */ = {
			isa = PBXGroup;
			children = (
				047C3C3A266A622200498755 /* SearchDataManager.swift */,
			);
			path = DataManager;
			sourceTree = "<group>";
		};
		047C3C3E266BB6F300498755 /* Map */ = {
			isa = PBXGroup;
			children = (
				047C3C40266BB70500498755 /* MapDataManager */,
				047C3C3F266BB6FB00498755 /* Entity */,
				047C3C41266BB71F00498755 /* Map.storyboard */,
				04F580CC267B4721001604B6 /* TestViewController.swift */,
				048E4064266E446200CA4B3D /* TableViewInMapViewController.swift */,
				047C3C43266BB73600498755 /* MapViewController.swift */,
			);
			path = Map;
			sourceTree = "<group>";
		};
		047C3C3F266BB6FB00498755 /* Entity */ = {
			isa = PBXGroup;
			children = (
				04B56B21266FD2A60055DC4B /* MapResponses.swift */,
			);
			path = Entity;
			sourceTree = "<group>";
		};
		047C3C40266BB70500498755 /* MapDataManager */ = {
			isa = PBXGroup;
			children = (
			);
			path = MapDataManager;
			sourceTree = "<group>";
		};
		04938E52265939E200DA11FF = {
			isa = PBXGroup;
			children = (
				04938E5D265939E200DA11FF /* airbnb */,
				04938E5C265939E200DA11FF /* Products */,
				96DF13CBBCE38890BE0625FB /* Pods */,
				0A7589002563237E8BCFE306 /* Frameworks */,
			);
			sourceTree = "<group>";
		};
		04938E5C265939E200DA11FF /* Products */ = {
			isa = PBXGroup;
			children = (
				04938E5B265939E200DA11FF /* airbnb.app */,
			);
			name = Products;
			sourceTree = "<group>";
		};
		04938E5D265939E200DA11FF /* airbnb */ = {
			isa = PBXGroup;
			children = (
				040CDDF42659F27600E7E090 /* Sources */,
				04938E7226593A1500DA11FF /* Configuration */,
				04938E60265939E200DA11FF /* SceneDelegate.swift */,
				04938E5E265939E200DA11FF /* AppDelegate.swift */,
				04938E67265939E500DA11FF /* Assets.xcassets */,
				04938E69265939E500DA11FF /* LaunchScreen.storyboard */,
				04938E6C265939E500DA11FF /* Info.plist */,
			);
			path = airbnb;
			sourceTree = "<group>";
		};
		04938E7226593A1500DA11FF /* Configuration */ = {
			isa = PBXGroup;
			children = (
				04938E7B26593AA000DA11FF /* Constant.swift */,
				0471CE72265CE0E900546B15 /* UserInform.swift */,
				047C3C302668F0D400498755 /* SearchInform.swift */,
				047C3C3C266B3F6C00498755 /* Flag.swift */,
				04B5EEE62694A839003E39B7 /* Enum.swift */,
				04938E7326593A2100DA11FF /* Secret */,
				04938E7426593A2900DA11FF /* Font */,
				04938E7526593A2F00DA11FF /* Extension */,
				04938E7626593A3700DA11FF /* CommonClass */,
				04938E7A26593A7800DA11FF /* Base */,
			);
			path = Configuration;
			sourceTree = "<group>";
		};
		04938E7326593A2100DA11FF /* Secret */ = {
			isa = PBXGroup;
			children = (
			);
			path = Secret;
			sourceTree = "<group>";
		};
		04938E7426593A2900DA11FF /* Font */ = {
			isa = PBXGroup;
			children = (
			);
			path = Font;
			sourceTree = "<group>";
		};
		04938E7526593A2F00DA11FF /* Extension */ = {
			isa = PBXGroup;
			children = (
				04938E9A2659EB9C00DA11FF /* Color.swift */,
				04938E972659EB9C00DA11FF /* Date.swift */,
				04938E942659EB9C00DA11FF /* String.swift */,
				04938E962659EB9C00DA11FF /* UIButton.swift */,
				04938E952659EB9C00DA11FF /* UIFont.swift */,
				04938E992659EB9C00DA11FF /* UINavigationBar.swift */,
				04938E982659EB9C00DA11FF /* UIViewController.swift */,
				0471CE70265BF49000546B15 /* CALayer.swift */,
				04D45D0C2660849C00F80A07 /* UIScrollView.swift */,
			);
			path = Extension;
			sourceTree = "<group>";
		};
		04938E7626593A3700DA11FF /* CommonClass */ = {
			isa = PBXGroup;
			children = (
				040CDDEF2659EE3100E7E090 /* Device.swift */,
				040CDDEE2659EE3100E7E090 /* IndicatorView.swift */,
				04BB2C80265E090C00EF56B6 /* Keyboard.swift */,
				044ACE7A265E501800C6277C /* Regex.swift */,
			);
			path = CommonClass;
			sourceTree = "<group>";
		};
		04938E7826593A4C00DA11FF /* Tab1 */ = {
			isa = PBXGroup;
			children = (
				040CDDFC2659FAD800E7E090 /* Tab1.storyboard */,
				04ACCBE92667D482006642B6 /* Section2VC.swift */,
				04ACCBEB2667D492006642B6 /* Section3VC.swift */,
				04ACCBE72667D470006642B6 /* Section1VC.swift */,
				04ACCBED2667D4A5006642B6 /* Section4VC.swift */,
				040CDDFE2659FB9F00E7E090 /* Tab1VC.swift */,
			);
			path = Tab1;
			sourceTree = "<group>";
		};
		04938E7A26593A7800DA11FF /* Base */ = {
			isa = PBXGroup;
			children = (
				040CDDF22659EE7800E7E090 /* BaseViewController.swift */,
			);
			path = Base;
			sourceTree = "<group>";
		};
		04ACCBDF26662B4F006642B6 /* Entity */ = {
			isa = PBXGroup;
			children = (
				04ACCBE026662BB8006642B6 /* LoginResponse.swift */,
			);
			path = Entity;
			sourceTree = "<group>";
		};
		04ACCBE2266638CA006642B6 /* DataManager */ = {
			isa = PBXGroup;
			children = (
				04ACCBE3266638F9006642B6 /* LoginDataManager.swift */,
			);
			path = DataManager;
			sourceTree = "<group>";
		};
		0A7589002563237E8BCFE306 /* Frameworks */ = {
			isa = PBXGroup;
			children = (
				B43A250BA34B08E3C8CFEF9E /* Pods_airbnb.framework */,
			);
			name = Frameworks;
			sourceTree = "<group>";
		};
		96DF13CBBCE38890BE0625FB /* Pods */ = {
			isa = PBXGroup;
			children = (
				2D85B3EB4218A0AE683B21E8 /* Pods-airbnb.debug.xcconfig */,
				4D9CB5C1513C45864EF64961 /* Pods-airbnb.release.xcconfig */,
			);
			path = Pods;
			sourceTree = "<group>";
		};
/* End PBXGroup section */

/* Begin PBXNativeTarget section */
		04938E5A265939E200DA11FF /* airbnb */ = {
			isa = PBXNativeTarget;
			buildConfigurationList = 04938E6F265939E500DA11FF /* Build configuration list for PBXNativeTarget "airbnb" */;
			buildPhases = (
				71D311FBC3E72A3274DF4591 /* [CP] Check Pods Manifest.lock */,
				04938E57265939E200DA11FF /* Sources */,
				04938E58265939E200DA11FF /* Frameworks */,
				04938E59265939E200DA11FF /* Resources */,
				1F8E7481B9FC38FB884CE418 /* [CP] Embed Pods Frameworks */,
				AC64A9E0E23D370D18944B9D /* [CP] Copy Pods Resources */,
			);
			buildRules = (
			);
			dependencies = (
			);
			name = airbnb;
			packageProductDependencies = (
				04938E8C265946F700DA11FF /* SnapKit */,
				04938E8F265947B200DA11FF /* Alamofire */,
				04938E92265947E700DA11FF /* Kingfisher */,
				04F580CA267B3DB4001604B6 /* FloatingPanel */,
			);
			productName = airbnb;
			productReference = 04938E5B265939E200DA11FF /* airbnb.app */;
			productType = "com.apple.product-type.application";
		};
/* End PBXNativeTarget section */

/* Begin PBXProject section */
		04938E53265939E200DA11FF /* Project object */ = {
			isa = PBXProject;
			attributes = {
				LastSwiftUpdateCheck = 1250;
				LastUpgradeCheck = 1250;
				TargetAttributes = {
					04938E5A265939E200DA11FF = {
						CreatedOnToolsVersion = 12.5;
					};
				};
			};
			buildConfigurationList = 04938E56265939E200DA11FF /* Build configuration list for PBXProject "airbnb" */;
			compatibilityVersion = "Xcode 9.3";
			developmentRegion = en;
			hasScannedForEncodings = 0;
			knownRegions = (
				en,
				Base,
			);
			mainGroup = 04938E52265939E200DA11FF;
			packageReferences = (
				04938E8B265946F700DA11FF /* XCRemoteSwiftPackageReference "SnapKit" */,
				04938E8E265947B200DA11FF /* XCRemoteSwiftPackageReference "Alamofire" */,
				04938E91265947E600DA11FF /* XCRemoteSwiftPackageReference "Kingfisher" */,
				04F580C9267B3DB4001604B6 /* XCRemoteSwiftPackageReference "FloatingPanel" */,
			);
			productRefGroup = 04938E5C265939E200DA11FF /* Products */;
			projectDirPath = "";
			projectRoot = "";
			targets = (
				04938E5A265939E200DA11FF /* airbnb */,
			);
		};
/* End PBXProject section */

/* Begin PBXResourcesBuildPhase section */
		04938E59265939E200DA11FF /* Resources */ = {
			isa = PBXResourcesBuildPhase;
			buildActionMask = 2147483647;
			files = (
				0418FB1D265A283A00F368CB /* Tab3.storyboard in Resources */,
				040CDE0D265A176200E7E090 /* Tab4.storyboard in Resources */,
				04938E6B265939E500DA11FF /* LaunchScreen.storyboard in Resources */,
				040CDE11265A177500E7E090 /* Tab5.storyboard in Resources */,
				040CDDFD2659FAD800E7E090 /* Tab1.storyboard in Resources */,
				040CDE1C265A1D0300E7E090 /* Search.storyboard in Resources */,
				04938E68265939E500DA11FF /* Assets.xcassets in Resources */,
				047C3C42266BB71F00498755 /* Map.storyboard in Resources */,
				0418FB18265A279000F368CB /* Tab2.storyboard in Resources */,
				040CDE17265A1CE000E7E090 /* Login.storyboard in Resources */,
				04938E66265939E200DA11FF /* Main.storyboard in Resources */,
			);
			runOnlyForDeploymentPostprocessing = 0;
		};
/* End PBXResourcesBuildPhase section */

/* Begin PBXShellScriptBuildPhase section */
		1F8E7481B9FC38FB884CE418 /* [CP] Embed Pods Frameworks */ = {
			isa = PBXShellScriptBuildPhase;
			buildActionMask = 2147483647;
			files = (
			);
			inputFileListPaths = (
				"${PODS_ROOT}/Target Support Files/Pods-airbnb/Pods-airbnb-frameworks-${CONFIGURATION}-input-files.xcfilelist",
			);
			name = "[CP] Embed Pods Frameworks";
			outputFileListPaths = (
				"${PODS_ROOT}/Target Support Files/Pods-airbnb/Pods-airbnb-frameworks-${CONFIGURATION}-output-files.xcfilelist",
			);
			runOnlyForDeploymentPostprocessing = 0;
			shellPath = /bin/sh;
			shellScript = "\"${PODS_ROOT}/Target Support Files/Pods-airbnb/Pods-airbnb-frameworks.sh\"\n";
			showEnvVarsInLog = 0;
		};
		71D311FBC3E72A3274DF4591 /* [CP] Check Pods Manifest.lock */ = {
			isa = PBXShellScriptBuildPhase;
			buildActionMask = 2147483647;
			files = (
			);
			inputFileListPaths = (
			);
			inputPaths = (
				"${PODS_PODFILE_DIR_PATH}/Podfile.lock",
				"${PODS_ROOT}/Manifest.lock",
			);
			name = "[CP] Check Pods Manifest.lock";
			outputFileListPaths = (
			);
			outputPaths = (
				"$(DERIVED_FILE_DIR)/Pods-airbnb-checkManifestLockResult.txt",
			);
			runOnlyForDeploymentPostprocessing = 0;
			shellPath = /bin/sh;
			shellScript = "diff \"${PODS_PODFILE_DIR_PATH}/Podfile.lock\" \"${PODS_ROOT}/Manifest.lock\" > /dev/null\nif [ $? != 0 ] ; then\n    # print error to STDERR\n    echo \"error: The sandbox is not in sync with the Podfile.lock. Run 'pod install' or update your CocoaPods installation.\" >&2\n    exit 1\nfi\n# This output is used by Xcode 'outputs' to avoid re-running this script phase.\necho \"SUCCESS\" > \"${SCRIPT_OUTPUT_FILE_0}\"\n";
			showEnvVarsInLog = 0;
		};
		AC64A9E0E23D370D18944B9D /* [CP] Copy Pods Resources */ = {
			isa = PBXShellScriptBuildPhase;
			buildActionMask = 2147483647;
			files = (
			);
			inputFileListPaths = (
				"${PODS_ROOT}/Target Support Files/Pods-airbnb/Pods-airbnb-resources-${CONFIGURATION}-input-files.xcfilelist",
			);
			name = "[CP] Copy Pods Resources";
			outputFileListPaths = (
				"${PODS_ROOT}/Target Support Files/Pods-airbnb/Pods-airbnb-resources-${CONFIGURATION}-output-files.xcfilelist",
			);
			runOnlyForDeploymentPostprocessing = 0;
			shellPath = /bin/sh;
			shellScript = "\"${PODS_ROOT}/Target Support Files/Pods-airbnb/Pods-airbnb-resources.sh\"\n";
			showEnvVarsInLog = 0;
		};
/* End PBXShellScriptBuildPhase section */

/* Begin PBXSourcesBuildPhase section */
		04938E57265939E200DA11FF /* Sources */ = {
			isa = PBXSourcesBuildPhase;
			buildActionMask = 2147483647;
			files = (
				0418FB1F265A284200F368CB /* Tab3VC.swift in Sources */,
				047C3C27266899EB00498755 /* ChooseTypeVC.swift in Sources */,
				040CDDF12659EE3100E7E090 /* Device.swift in Sources */,
				04938EA02659EB9C00DA11FF /* UINavigationBar.swift in Sources */,
				04938E9E2659EB9C00DA11FF /* Date.swift in Sources */,
				047C3C2926689A2E00498755 /* ChooseDateVC.swift in Sources */,
				040CDE13265A177E00E7E090 /* Tab5VC.swift in Sources */,
				04D45D0D2660849C00F80A07 /* UIScrollView.swift in Sources */,
				04ACCBEA2667D482006642B6 /* Section2VC.swift in Sources */,
				047C3C3D266B3F6C00498755 /* Flag.swift in Sources */,
				04F580CD267B4721001604B6 /* TestViewController.swift in Sources */,
				04938E63265939E200DA11FF /* ViewController.swift in Sources */,
				04938E5F265939E200DA11FF /* AppDelegate.swift in Sources */,
				04B56B22266FD2A60055DC4B /* MapResponses.swift in Sources */,
				04ACCBDC2663D023006642B6 /* NotiViewController.swift in Sources */,
				040CDDF32659EE7800E7E090 /* BaseViewController.swift in Sources */,
				040CDE0F265A176B00E7E090 /* Tab4VC.swift in Sources */,
				0471CE6B265B18EF00546B15 /* CountryViewController.swift in Sources */,
				04938E9B2659EB9C00DA11FF /* String.swift in Sources */,
				04ACCBEC2667D492006642B6 /* Section3VC.swift in Sources */,
				040CDE1E265A1D0D00E7E090 /* SearchVC.swift in Sources */,
				044ACE7D265E66DF00C6277C /* RegistrationViewController.swift in Sources */,
				048E4065266E446200CA4B3D /* TableViewInMapViewController.swift in Sources */,
				04ACCBE4266638F9006642B6 /* LoginDataManager.swift in Sources */,
				045F555A2661FE6C00C15703 /* RegistrationAgreementVC.swift in Sources */,
				04938E9C2659EB9C00DA11FF /* UIFont.swift in Sources */,
				04ACCBD82663D000006642B6 /* PersonalInformViewController.swift in Sources */,
				0471CE73265CE0E900546B15 /* UserInform.swift in Sources */,
				04ACCBDA2663D00D006642B6 /* PaymentViewController.swift in Sources */,
				04ACCBE126662BB8006642B6 /* LoginResponse.swift in Sources */,
				04ACCBE82667D470006642B6 /* Section1VC.swift in Sources */,
				04938E9D2659EB9C00DA11FF /* UIButton.swift in Sources */,
				047C3C39266A582000498755 /* SearchResponse.swift in Sources */,
				04938E61265939E200DA11FF /* SceneDelegate.swift in Sources */,
				0418FB1A265A279A00F368CB /* Tab2VC.swift in Sources */,
				040CDE19265A1CED00E7E090 /* LoginVC.swift in Sources */,
				047C3C3B266A622200498755 /* SearchDataManager.swift in Sources */,
				04938E9F2659EB9C00DA11FF /* UIViewController.swift in Sources */,
				047C3C2B26689A6600498755 /* ChooseGuestVC.swift in Sources */,
				04938E7C26593AA000DA11FF /* Constant.swift in Sources */,
				040CDDF02659EE3100E7E090 /* IndicatorView.swift in Sources */,
				0471CE71265BF49000546B15 /* CALayer.swift in Sources */,
				047C3C312668F0D400498755 /* SearchInform.swift in Sources */,
				04ACCBEE2667D4A5006642B6 /* Section4VC.swift in Sources */,
				04BB2C81265E090C00EF56B6 /* Keyboard.swift in Sources */,
				04ACCBE6266647A5006642B6 /* PasswordViewController.swift in Sources */,
				04938EA12659EB9C00DA11FF /* Color.swift in Sources */,
				04B5EEE72694A839003E39B7 /* Enum.swift in Sources */,
				047C3C44266BB73600498755 /* MapViewController.swift in Sources */,
				040CDDFF2659FB9F00E7E090 /* Tab1VC.swift in Sources */,
				044ACE7B265E501800C6277C /* Regex.swift in Sources */,
			);
			runOnlyForDeploymentPostprocessing = 0;
		};
/* End PBXSourcesBuildPhase section */

/* Begin PBXVariantGroup section */
		04938E64265939E200DA11FF /* Main.storyboard */ = {
			isa = PBXVariantGroup;
			children = (
				04938E65265939E200DA11FF /* Base */,
			);
			name = Main.storyboard;
			sourceTree = "<group>";
		};
		04938E69265939E500DA11FF /* LaunchScreen.storyboard */ = {
			isa = PBXVariantGroup;
			children = (
				04938E6A265939E500DA11FF /* Base */,
			);
			name = LaunchScreen.storyboard;
			sourceTree = "<group>";
		};
/* End PBXVariantGroup section */

/* Begin XCBuildConfiguration section */
		04938E6D265939E500DA11FF /* Debug */ = {
			isa = XCBuildConfiguration;
			buildSettings = {
				ALWAYS_SEARCH_USER_PATHS = NO;
				CLANG_ANALYZER_NONNULL = YES;
				CLANG_ANALYZER_NUMBER_OBJECT_CONVERSION = YES_AGGRESSIVE;
				CLANG_CXX_LANGUAGE_STANDARD = "gnu++14";
				CLANG_CXX_LIBRARY = "libc++";
				CLANG_ENABLE_MODULES = YES;
				CLANG_ENABLE_OBJC_ARC = YES;
				CLANG_ENABLE_OBJC_WEAK = YES;
				CLANG_WARN_BLOCK_CAPTURE_AUTORELEASING = YES;
				CLANG_WARN_BOOL_CONVERSION = YES;
				CLANG_WARN_COMMA = YES;
				CLANG_WARN_CONSTANT_CONVERSION = YES;
				CLANG_WARN_DEPRECATED_OBJC_IMPLEMENTATIONS = YES;
				CLANG_WARN_DIRECT_OBJC_ISA_USAGE = YES_ERROR;
				CLANG_WARN_DOCUMENTATION_COMMENTS = YES;
				CLANG_WARN_EMPTY_BODY = YES;
				CLANG_WARN_ENUM_CONVERSION = YES;
				CLANG_WARN_INFINITE_RECURSION = YES;
				CLANG_WARN_INT_CONVERSION = YES;
				CLANG_WARN_NON_LITERAL_NULL_CONVERSION = YES;
				CLANG_WARN_OBJC_IMPLICIT_RETAIN_SELF = YES;
				CLANG_WARN_OBJC_LITERAL_CONVERSION = YES;
				CLANG_WARN_OBJC_ROOT_CLASS = YES_ERROR;
				CLANG_WARN_QUOTED_INCLUDE_IN_FRAMEWORK_HEADER = YES;
				CLANG_WARN_RANGE_LOOP_ANALYSIS = YES;
				CLANG_WARN_STRICT_PROTOTYPES = YES;
				CLANG_WARN_SUSPICIOUS_MOVE = YES;
				CLANG_WARN_UNGUARDED_AVAILABILITY = YES_AGGRESSIVE;
				CLANG_WARN_UNREACHABLE_CODE = YES;
				CLANG_WARN__DUPLICATE_METHOD_MATCH = YES;
				COPY_PHASE_STRIP = NO;
				DEBUG_INFORMATION_FORMAT = dwarf;
				ENABLE_STRICT_OBJC_MSGSEND = YES;
				ENABLE_TESTABILITY = YES;
				GCC_C_LANGUAGE_STANDARD = gnu11;
				GCC_DYNAMIC_NO_PIC = NO;
				GCC_NO_COMMON_BLOCKS = YES;
				GCC_OPTIMIZATION_LEVEL = 0;
				GCC_PREPROCESSOR_DEFINITIONS = (
					"DEBUG=1",
					"$(inherited)",
				);
				GCC_WARN_64_TO_32_BIT_CONVERSION = YES;
				GCC_WARN_ABOUT_RETURN_TYPE = YES_ERROR;
				GCC_WARN_UNDECLARED_SELECTOR = YES;
				GCC_WARN_UNINITIALIZED_AUTOS = YES_AGGRESSIVE;
				GCC_WARN_UNUSED_FUNCTION = YES;
				GCC_WARN_UNUSED_VARIABLE = YES;
				IPHONEOS_DEPLOYMENT_TARGET = 13.0;
				MTL_ENABLE_DEBUG_INFO = INCLUDE_SOURCE;
				MTL_FAST_MATH = YES;
				ONLY_ACTIVE_ARCH = YES;
				SDKROOT = iphoneos;
				SWIFT_ACTIVE_COMPILATION_CONDITIONS = DEBUG;
				SWIFT_OPTIMIZATION_LEVEL = "-Onone";
			};
			name = Debug;
		};
		04938E6E265939E500DA11FF /* Release */ = {
			isa = XCBuildConfiguration;
			buildSettings = {
				ALWAYS_SEARCH_USER_PATHS = NO;
				CLANG_ANALYZER_NONNULL = YES;
				CLANG_ANALYZER_NUMBER_OBJECT_CONVERSION = YES_AGGRESSIVE;
				CLANG_CXX_LANGUAGE_STANDARD = "gnu++14";
				CLANG_CXX_LIBRARY = "libc++";
				CLANG_ENABLE_MODULES = YES;
				CLANG_ENABLE_OBJC_ARC = YES;
				CLANG_ENABLE_OBJC_WEAK = YES;
				CLANG_WARN_BLOCK_CAPTURE_AUTORELEASING = YES;
				CLANG_WARN_BOOL_CONVERSION = YES;
				CLANG_WARN_COMMA = YES;
				CLANG_WARN_CONSTANT_CONVERSION = YES;
				CLANG_WARN_DEPRECATED_OBJC_IMPLEMENTATIONS = YES;
				CLANG_WARN_DIRECT_OBJC_ISA_USAGE = YES_ERROR;
				CLANG_WARN_DOCUMENTATION_COMMENTS = YES;
				CLANG_WARN_EMPTY_BODY = YES;
				CLANG_WARN_ENUM_CONVERSION = YES;
				CLANG_WARN_INFINITE_RECURSION = YES;
				CLANG_WARN_INT_CONVERSION = YES;
				CLANG_WARN_NON_LITERAL_NULL_CONVERSION = YES;
				CLANG_WARN_OBJC_IMPLICIT_RETAIN_SELF = YES;
				CLANG_WARN_OBJC_LITERAL_CONVERSION = YES;
				CLANG_WARN_OBJC_ROOT_CLASS = YES_ERROR;
				CLANG_WARN_QUOTED_INCLUDE_IN_FRAMEWORK_HEADER = YES;
				CLANG_WARN_RANGE_LOOP_ANALYSIS = YES;
				CLANG_WARN_STRICT_PROTOTYPES = YES;
				CLANG_WARN_SUSPICIOUS_MOVE = YES;
				CLANG_WARN_UNGUARDED_AVAILABILITY = YES_AGGRESSIVE;
				CLANG_WARN_UNREACHABLE_CODE = YES;
				CLANG_WARN__DUPLICATE_METHOD_MATCH = YES;
				COPY_PHASE_STRIP = NO;
				DEBUG_INFORMATION_FORMAT = "dwarf-with-dsym";
				ENABLE_NS_ASSERTIONS = NO;
				ENABLE_STRICT_OBJC_MSGSEND = YES;
				GCC_C_LANGUAGE_STANDARD = gnu11;
				GCC_NO_COMMON_BLOCKS = YES;
				GCC_WARN_64_TO_32_BIT_CONVERSION = YES;
				GCC_WARN_ABOUT_RETURN_TYPE = YES_ERROR;
				GCC_WARN_UNDECLARED_SELECTOR = YES;
				GCC_WARN_UNINITIALIZED_AUTOS = YES_AGGRESSIVE;
				GCC_WARN_UNUSED_FUNCTION = YES;
				GCC_WARN_UNUSED_VARIABLE = YES;
				IPHONEOS_DEPLOYMENT_TARGET = 13.0;
				MTL_ENABLE_DEBUG_INFO = NO;
				MTL_FAST_MATH = YES;
				SDKROOT = iphoneos;
				SWIFT_COMPILATION_MODE = wholemodule;
				SWIFT_OPTIMIZATION_LEVEL = "-O";
				VALIDATE_PRODUCT = YES;
			};
			name = Release;
		};
		04938E70265939E500DA11FF /* Debug */ = {
			isa = XCBuildConfiguration;
			baseConfigurationReference = 2D85B3EB4218A0AE683B21E8 /* Pods-airbnb.debug.xcconfig */;
			buildSettings = {
				ASSETCATALOG_COMPILER_APPICON_NAME = AppIcon;
				ASSETCATALOG_COMPILER_GLOBAL_ACCENT_COLOR_NAME = AccentColor;
				CODE_SIGN_STYLE = Automatic;
				INFOPLIST_FILE = airbnb/Info.plist;
				IPHONEOS_DEPLOYMENT_TARGET = 13.0;
				LD_RUNPATH_SEARCH_PATHS = (
					"$(inherited)",
					"@executable_path/Frameworks",
				);
				PRODUCT_BUNDLE_IDENTIFIER = com.jb.airbnb;
				PRODUCT_NAME = "$(TARGET_NAME)";
				SWIFT_VERSION = 5.0;
				TARGETED_DEVICE_FAMILY = 1;
			};
			name = Debug;
		};
		04938E71265939E500DA11FF /* Release */ = {
			isa = XCBuildConfiguration;
			baseConfigurationReference = 4D9CB5C1513C45864EF64961 /* Pods-airbnb.release.xcconfig */;
			buildSettings = {
				ASSETCATALOG_COMPILER_APPICON_NAME = AppIcon;
				ASSETCATALOG_COMPILER_GLOBAL_ACCENT_COLOR_NAME = AccentColor;
				CODE_SIGN_STYLE = Automatic;
				INFOPLIST_FILE = airbnb/Info.plist;
				IPHONEOS_DEPLOYMENT_TARGET = 13.0;
				LD_RUNPATH_SEARCH_PATHS = (
					"$(inherited)",
					"@executable_path/Frameworks",
				);
				PRODUCT_BUNDLE_IDENTIFIER = com.jb.airbnb;
				PRODUCT_NAME = "$(TARGET_NAME)";
				SWIFT_VERSION = 5.0;
				TARGETED_DEVICE_FAMILY = 1;
			};
			name = Release;
		};
/* End XCBuildConfiguration section */

/* Begin XCConfigurationList section */
		04938E56265939E200DA11FF /* Build configuration list for PBXProject "airbnb" */ = {
			isa = XCConfigurationList;
			buildConfigurations = (
				04938E6D265939E500DA11FF /* Debug */,
				04938E6E265939E500DA11FF /* Release */,
			);
			defaultConfigurationIsVisible = 0;
			defaultConfigurationName = Release;
		};
		04938E6F265939E500DA11FF /* Build configuration list for PBXNativeTarget "airbnb" */ = {
			isa = XCConfigurationList;
			buildConfigurations = (
				04938E70265939E500DA11FF /* Debug */,
				04938E71265939E500DA11FF /* Release */,
			);
			defaultConfigurationIsVisible = 0;
			defaultConfigurationName = Release;
		};
/* End XCConfigurationList section */

/* Begin XCRemoteSwiftPackageReference section */
		04938E8B265946F700DA11FF /* XCRemoteSwiftPackageReference "SnapKit" */ = {
			isa = XCRemoteSwiftPackageReference;
			repositoryURL = "https://github.com/SnapKit/SnapKit.git";
			requirement = {
				kind = upToNextMajorVersion;
				minimumVersion = 5.0.1;
			};
		};
		04938E8E265947B200DA11FF /* XCRemoteSwiftPackageReference "Alamofire" */ = {
			isa = XCRemoteSwiftPackageReference;
			repositoryURL = "https://github.com/Alamofire/Alamofire.git";
			requirement = {
				kind = upToNextMajorVersion;
				minimumVersion = 5.4.3;
			};
		};
		04938E91265947E600DA11FF /* XCRemoteSwiftPackageReference "Kingfisher" */ = {
			isa = XCRemoteSwiftPackageReference;
			repositoryURL = "https://github.com/onevcat/Kingfisher.git";
			requirement = {
				kind = upToNextMajorVersion;
				minimumVersion = 6.3.0;
			};
		};
		04F580C9267B3DB4001604B6 /* XCRemoteSwiftPackageReference "FloatingPanel" */ = {
			isa = XCRemoteSwiftPackageReference;
			repositoryURL = "https://github.com/scenee/FloatingPanel";
			requirement = {
				kind = upToNextMajorVersion;
				minimumVersion = 2.4.0;
			};
		};
/* End XCRemoteSwiftPackageReference section */

/* Begin XCSwiftPackageProductDependency section */
		04938E8C265946F700DA11FF /* SnapKit */ = {
			isa = XCSwiftPackageProductDependency;
			package = 04938E8B265946F700DA11FF /* XCRemoteSwiftPackageReference "SnapKit" */;
			productName = SnapKit;
		};
		04938E8F265947B200DA11FF /* Alamofire */ = {
			isa = XCSwiftPackageProductDependency;
			package = 04938E8E265947B200DA11FF /* XCRemoteSwiftPackageReference "Alamofire" */;
			productName = Alamofire;
		};
		04938E92265947E700DA11FF /* Kingfisher */ = {
			isa = XCSwiftPackageProductDependency;
			package = 04938E91265947E600DA11FF /* XCRemoteSwiftPackageReference "Kingfisher" */;
			productName = Kingfisher;
		};
		04F580CA267B3DB4001604B6 /* FloatingPanel */ = {
			isa = XCSwiftPackageProductDependency;
			package = 04F580C9267B3DB4001604B6 /* XCRemoteSwiftPackageReference "FloatingPanel" */;
			productName = FloatingPanel;
		};
/* End XCSwiftPackageProductDependency section */
	};
	rootObject = 04938E53265939E200DA11FF /* Project object */;
}
